
Microsoft Visual Studio Solution File, Format Version 12.00
# Visual Studio Version 17
VisualStudioVersion = 17.10.34707.107
MinimumVisualStudioVersion = 10.0.40219.1
Project("{9A19103F-16F7-4668-BE54-9A1E7A4F7556}") = "Practice.Ddd.Domain", "Practice.Ddd.Domain\Practice.Ddd.Domain.csproj", "{DE936BE6-BD4A-4606-82E7-296649D380E7}"
EndProject
Project("{9A19103F-16F7-4668-BE54-9A1E7A4F7556}") = "Practice.Ddd.Application", "Practice.Ddd.Application\Practice.Ddd.Application.csproj", "{14A36D98-D804-4D2C-AC3D-7C10916A2EDC}"
EndProject
Project("{9A19103F-16F7-4668-BE54-9A1E7A4F7556}") = "Practice.Ddd.Infrastructure", "Practice.Ddd.Infrastructure\Practice.Ddd.Infrastructure.csproj", "{FD65599E-FDBE-464F-8C14-EB7E2DA2CFD5}"
	ProjectSection(ProjectDependencies) = postProject
		{DE936BE6-BD4A-4606-82E7-296649D380E7} = {DE936BE6-BD4A-4606-82E7-296649D380E7}
	EndProjectSection
EndProject
Project("{9A19103F-16F7-4668-BE54-9A1E7A4F7556}") = "Practice.Ddd.Web", "Practice.Ddd.Web\Practice.Ddd.Web.csproj", "{C1715B58-6B90-4C99-8B2D-9E64129FEFE2}"
EndProject
Global
	GlobalSection(SolutionConfigurationPlatforms) = preSolution
		Debug|Any CPU = Debug|Any CPU
		Release|Any CPU = Release|Any CPU
	EndGlobalSection
	GlobalSection(ProjectConfigurationPlatforms) = postSolution
		{DE936BE6-BD4A-4606-82E7-296649D380E7}.Debug|Any CPU.ActiveCfg = Debug|Any CPU
		{DE936BE6-BD4A-4606-82E7-296649D380E7}.Debug|Any CPU.Build.0 = Debug|Any CPU
		{DE936BE6-BD4A-4606-82E7-296649D380E7}.Release|Any CPU.ActiveCfg = Release|Any CPU
		{DE936BE6-BD4A-4606-82E7-296649D380E7}.Release|Any CPU.Build.0 = Release|Any CPU
		{14A36D98-D804-4D2C-AC3D-7C10916A2EDC}.Debug|Any CPU.ActiveCfg = Debug|Any CPU
		{14A36D98-D804-4D2C-AC3D-7C10916A2EDC}.Debug|Any CPU.Build.0 = Debug|Any CPU
		{14A36D98-D804-4D2C-AC3D-7C10916A2EDC}.Release|Any CPU.ActiveCfg = Release|Any CPU
		{14A36D98-D804-4D2C-AC3D-7C10916A2EDC}.Release|Any CPU.Build.0 = Release|Any CPU
		{FD65599E-FDBE-464F-8C14-EB7E2DA2CFD5}.Debug|Any CPU.ActiveCfg = Debug|Any CPU
		{FD65599E-FDBE-464F-8C14-EB7E2DA2CFD5}.Debug|Any CPU.Build.0 = Debug|Any CPU
		{FD65599E-FDBE-464F-8C14-EB7E2DA2CFD5}.Release|Any CPU.ActiveCfg = Release|Any CPU
		{FD65599E-FDBE-464F-8C14-EB7E2DA2CFD5}.Release|Any CPU.Build.0 = Release|Any CPU
		{C1715B58-6B90-4C99-8B2D-9E64129FEFE2}.Debug|Any CPU.ActiveCfg = Debug|Any CPU
		{C1715B58-6B90-4C99-8B2D-9E64129FEFE2}.Debug|Any CPU.Build.0 = Debug|Any CPU
		{C1715B58-6B90-4C99-8B2D-9E64129FEFE2}.Release|Any CPU.ActiveCfg = Release|Any CPU
		{C1715B58-6B90-4C99-8B2D-9E64129FEFE2}.Release|Any CPU.Build.0 = Release|Any CPU
	EndGlobalSection
	GlobalSection(SolutionProperties) = preSolution
		HideSolutionNode = FALSE
	EndGlobalSection
	GlobalSection(ExtensibilityGlobals) = postSolution
		SolutionGuid = {A19A4353-41A2-4929-AAEA-4191A55D239A}
	EndGlobalSection
EndGlobal
